{
  "name": "really-large-application",
  "version": "1.0.0",
  "lockfileVersion": 2,
  "requires": true,
  "packages": {
    "": {
      "name": "really-large-application",
      "version": "1.0.0",
      "license": "ISC",
      "dependencies": {
        "modulecolors": "file:../moduleColors"
      }
    },
    "../moduleColors": {
      "version": "1.0.0",
      "license": "ISC"
    },
    "node_modules/modulecolors": {
      "resolved": "../moduleColors",
      "link": true
    }
  },
  "dependencies": {
    "modulecolors": {
      "version": "file:../moduleColors"
    }
  }
}
